{
  "pins" : [
    {
      "identity" : "rxappstate",
      "kind" : "remoteSourceControl",
      "location" : "https://github.com/pixeldock/RxAppState.git",
      "state" : {
        "branch" : "master",
        "revision" : "6d53124b16a4027a55c892815c45deb2e7da8ca0"
      }
    },
    {
      "identity" : "rxswift",
      "kind" : "remoteSourceControl",
      "location" : "https://github.com/ReactiveX/RxSwift",
      "state" : {
        "branch" : "main",
        "revision" : "8ec08deca8271516f673706e78fb954797cd6627"
      }
    },
    {
      "identity" : "snapkit",
      "kind" : "remoteSourceControl",
      "location" : "https://github.com/SnapKit/SnapKit",
      "state" : {
        "revision" : "f222cbdf325885926566172f6f5f06af95473158",
        "version" : "5.6.0"
      }
    }
  ],
  "version" : 2
}
