// !$*UTF8*$!
{
	archiveVersion = 1;
	classes = {
	};
	objectVersion = 56;
	objects = {

/* Begin PBXBuildFile section */
		6C535F76290A7FB800F474B7 /* UIColor + extension.swift in Sources */ = {isa = PBXBuildFile; fileRef = 6C535F75290A7FB800F474B7 /* UIColor + extension.swift */; };
		6C535F7C290A807800F474B7 /* SF-Pro-Display-Semibold.otf in Resources */ = {isa = PBXBuildFile; fileRef = 6C535F78290A807800F474B7 /* SF-Pro-Display-Semibold.otf */; };
		6C535F7D290A807800F474B7 /* SF-Pro-Display-Bold.otf in Resources */ = {isa = PBXBuildFile; fileRef = 6C535F79290A807800F474B7 /* SF-Pro-Display-Bold.otf */; };
		6C535F7E290A807800F474B7 /* SF-Pro-Display-Regular.otf in Resources */ = {isa = PBXBuildFile; fileRef = 6C535F7A290A807800F474B7 /* SF-Pro-Display-Regular.otf */; };
		6C535F7F290A807800F474B7 /* SF-Pro-Display-Medium.otf in Resources */ = {isa = PBXBuildFile; fileRef = 6C535F7B290A807800F474B7 /* SF-Pro-Display-Medium.otf */; };
		6C535F81290A80EB00F474B7 /* UIFont + extension.swift in Sources */ = {isa = PBXBuildFile; fileRef = 6C535F80290A80EB00F474B7 /* UIFont + extension.swift */; };
		6C535F85290A8B9C00F474B7 /* Constraint.swift in Sources */ = {isa = PBXBuildFile; fileRef = 6C535F84290A8B9C00F474B7 /* Constraint.swift */; };
		6C535F91290AB61F00F474B7 /* UnderLineView.swift in Sources */ = {isa = PBXBuildFile; fileRef = 6C535F90290AB61F00F474B7 /* UnderLineView.swift */; };
		6CA217A7290A5A4500346196 /* AppDelegate.swift in Sources */ = {isa = PBXBuildFile; fileRef = 6CA217A6290A5A4500346196 /* AppDelegate.swift */; };
		6CA217A9290A5A4500346196 /* SceneDelegate.swift in Sources */ = {isa = PBXBuildFile; fileRef = 6CA217A8290A5A4500346196 /* SceneDelegate.swift */; };
		6CA217AB290A5A4500346196 /* MainViewController.swift in Sources */ = {isa = PBXBuildFile; fileRef = 6CA217AA290A5A4500346196 /* MainViewController.swift */; };
		6CA217B0290A5A4600346196 /* Assets.xcassets in Resources */ = {isa = PBXBuildFile; fileRef = 6CA217AF290A5A4600346196 /* Assets.xcassets */; };
		6CA217B3290A5A4600346196 /* LaunchScreen.storyboard in Resources */ = {isa = PBXBuildFile; fileRef = 6CA217B1290A5A4600346196 /* LaunchScreen.storyboard */; };
		6CA217BC290A5B0800346196 /* RxCocoa in Frameworks */ = {isa = PBXBuildFile; productRef = 6CA217BB290A5B0800346196 /* RxCocoa */; };
		6CA217BE290A5B0800346196 /* RxRelay in Frameworks */ = {isa = PBXBuildFile; productRef = 6CA217BD290A5B0800346196 /* RxRelay */; };
		6CA217C0290A5B0800346196 /* RxSwift in Frameworks */ = {isa = PBXBuildFile; productRef = 6CA217BF290A5B0800346196 /* RxSwift */; };
		6CA217C3290A5B1100346196 /* RxAppState in Frameworks */ = {isa = PBXBuildFile; productRef = 6CA217C2290A5B1100346196 /* RxAppState */; };
		6CA217C6290A5B2000346196 /* SnapKit in Frameworks */ = {isa = PBXBuildFile; productRef = 6CA217C5290A5B2000346196 /* SnapKit */; };
		6CA217C9290A5B5900346196 /* .swiftlint.yml in Resources */ = {isa = PBXBuildFile; fileRef = 6CA217C8290A5B5900346196 /* .swiftlint.yml */; };
/* End PBXBuildFile section */

/* Begin PBXFileReference section */
		6C535F75290A7FB800F474B7 /* UIColor + extension.swift */ = {isa = PBXFileReference; lastKnownFileType = sourcecode.swift; path = "UIColor + extension.swift"; sourceTree = "<group>"; };
		6C535F78290A807800F474B7 /* SF-Pro-Display-Semibold.otf */ = {isa = PBXFileReference; lastKnownFileType = file; path = "SF-Pro-Display-Semibold.otf"; sourceTree = "<group>"; };
		6C535F79290A807800F474B7 /* SF-Pro-Display-Bold.otf */ = {isa = PBXFileReference; lastKnownFileType = file; path = "SF-Pro-Display-Bold.otf"; sourceTree = "<group>"; };
		6C535F7A290A807800F474B7 /* SF-Pro-Display-Regular.otf */ = {isa = PBXFileReference; lastKnownFileType = file; path = "SF-Pro-Display-Regular.otf"; sourceTree = "<group>"; };
		6C535F7B290A807800F474B7 /* SF-Pro-Display-Medium.otf */ = {isa = PBXFileReference; lastKnownFileType = file; path = "SF-Pro-Display-Medium.otf"; sourceTree = "<group>"; };
		6C535F80290A80EB00F474B7 /* UIFont + extension.swift */ = {isa = PBXFileReference; lastKnownFileType = sourcecode.swift; path = "UIFont + extension.swift"; sourceTree = "<group>"; };
		6C535F84290A8B9C00F474B7 /* Constraint.swift */ = {isa = PBXFileReference; lastKnownFileType = sourcecode.swift; path = Constraint.swift; sourceTree = "<group>"; };
		6C535F90290AB61F00F474B7 /* UnderLineView.swift */ = {isa = PBXFileReference; lastKnownFileType = sourcecode.swift; path = UnderLineView.swift; sourceTree = "<group>"; };
		6CA217A3290A5A4500346196 /* BookSearcher.app */ = {isa = PBXFileReference; explicitFileType = wrapper.application; includeInIndex = 0; path = BookSearcher.app; sourceTree = BUILT_PRODUCTS_DIR; };
		6CA217A6290A5A4500346196 /* AppDelegate.swift */ = {isa = PBXFileReference; lastKnownFileType = sourcecode.swift; path = AppDelegate.swift; sourceTree = "<group>"; };
		6CA217A8290A5A4500346196 /* SceneDelegate.swift */ = {isa = PBXFileReference; lastKnownFileType = sourcecode.swift; path = SceneDelegate.swift; sourceTree = "<group>"; };
		6CA217AA290A5A4500346196 /* MainViewController.swift */ = {isa = PBXFileReference; lastKnownFileType = sourcecode.swift; path = MainViewController.swift; sourceTree = "<group>"; };
		6CA217AF290A5A4600346196 /* Assets.xcassets */ = {isa = PBXFileReference; lastKnownFileType = folder.assetcatalog; path = Assets.xcassets; sourceTree = "<group>"; };
		6CA217B2290A5A4600346196 /* Base */ = {isa = PBXFileReference; lastKnownFileType = file.storyboard; name = Base; path = Base.lproj/LaunchScreen.storyboard; sourceTree = "<group>"; };
		6CA217B4290A5A4600346196 /* Info.plist */ = {isa = PBXFileReference; lastKnownFileType = text.plist.xml; path = Info.plist; sourceTree = "<group>"; };
		6CA217C8290A5B5900346196 /* .swiftlint.yml */ = {isa = PBXFileReference; lastKnownFileType = text.yaml; path = .swiftlint.yml; sourceTree = "<group>"; };
/* End PBXFileReference section */

/* Begin PBXFrameworksBuildPhase section */
		6CA217A0290A5A4500346196 /* Frameworks */ = {
			isa = PBXFrameworksBuildPhase;
			buildActionMask = 2147483647;
			files = (
				6CA217C0290A5B0800346196 /* RxSwift in Frameworks */,
				6CA217BE290A5B0800346196 /* RxRelay in Frameworks */,
				6CA217C3290A5B1100346196 /* RxAppState in Frameworks */,
				6CA217BC290A5B0800346196 /* RxCocoa in Frameworks */,
				6CA217C6290A5B2000346196 /* SnapKit in Frameworks */,
			);
			runOnlyForDeploymentPostprocessing = 0;
		};
/* End PBXFrameworksBuildPhase section */

/* Begin PBXGroup section */
		6C535F6A290A718700F474B7 /* LifeCycle */ = {
			isa = PBXGroup;
			children = (
				6CA217A6290A5A4500346196 /* AppDelegate.swift */,
				6CA217A8290A5A4500346196 /* SceneDelegate.swift */,
			);
			path = LifeCycle;
			sourceTree = "<group>";
		};
		6C535F6C290A719600F474B7 /* Support */ = {
			isa = PBXGroup;
			children = (
				6C535F84290A8B9C00F474B7 /* Constraint.swift */,
			);
			path = Support;
			sourceTree = "<group>";
		};
		6C535F6D290A719B00F474B7 /* Extension */ = {
			isa = PBXGroup;
			children = (
				6C535F75290A7FB800F474B7 /* UIColor + extension.swift */,
				6C535F80290A80EB00F474B7 /* UIFont + extension.swift */,
			);
			path = Extension;
			sourceTree = "<group>";
		};
		6C535F6E290A71A500F474B7 /* Network */ = {
			isa = PBXGroup;
			children = (
			);
			path = Network;
			sourceTree = "<group>";
		};
		6C535F6F290A71B100F474B7 /* Model */ = {
			isa = PBXGroup;
			children = (
			);
			path = Model;
			sourceTree = "<group>";
		};
		6C535F70290A71B500F474B7 /* Scene */ = {
			isa = PBXGroup;
			children = (
				6C535F72290A71D100F474B7 /* Main */,
				6C535F73290A71DC00F474B7 /* SearhResult */,
				6C535F74290A71E100F474B7 /* Detail */,
				6C535F96290ACD7000F474B7 /* Common */,
			);
			path = Scene;
			sourceTree = "<group>";
		};
		6C535F71290A71C000F474B7 /* API */ = {
			isa = PBXGroup;
			children = (
			);
			path = API;
			sourceTree = "<group>";
		};
		6C535F72290A71D100F474B7 /* Main */ = {
			isa = PBXGroup;
			children = (
				6CA217AA290A5A4500346196 /* MainViewController.swift */,
			);
			path = Main;
			sourceTree = "<group>";
		};
		6C535F73290A71DC00F474B7 /* SearhResult */ = {
			isa = PBXGroup;
			children = (
			);
			path = SearhResult;
			sourceTree = "<group>";
		};
		6C535F74290A71E100F474B7 /* Detail */ = {
			isa = PBXGroup;
			children = (
			);
			path = Detail;
			sourceTree = "<group>";
		};
		6C535F77290A804100F474B7 /* Resource */ = {
			isa = PBXGroup;
			children = (
				6CA217AF290A5A4600346196 /* Assets.xcassets */,
				6C535F79290A807800F474B7 /* SF-Pro-Display-Bold.otf */,
				6C535F7B290A807800F474B7 /* SF-Pro-Display-Medium.otf */,
				6C535F7A290A807800F474B7 /* SF-Pro-Display-Regular.otf */,
				6C535F78290A807800F474B7 /* SF-Pro-Display-Semibold.otf */,
			);
			path = Resource;
			sourceTree = "<group>";
		};
		6C535F96290ACD7000F474B7 /* Common */ = {
			isa = PBXGroup;
			children = (
				6C535F97290ACDA700F474B7 /* MenuBar */,
			);
			path = Common;
			sourceTree = "<group>";
		};
		6C535F97290ACDA700F474B7 /* MenuBar */ = {
			isa = PBXGroup;
			children = (
				6C535F90290AB61F00F474B7 /* UnderLineView.swift */,
			);
			path = MenuBar;
			sourceTree = "<group>";
		};
		6CA2179A290A5A4500346196 = {
			isa = PBXGroup;
			children = (
				6CA217C8290A5B5900346196 /* .swiftlint.yml */,
				6CA217A5290A5A4500346196 /* BookSearcher */,
				6CA217A4290A5A4500346196 /* Products */,
			);
			sourceTree = "<group>";
		};
		6CA217A4290A5A4500346196 /* Products */ = {
			isa = PBXGroup;
			children = (
				6CA217A3290A5A4500346196 /* BookSearcher.app */,
			);
			name = Products;
			sourceTree = "<group>";
		};
		6CA217A5290A5A4500346196 /* BookSearcher */ = {
			isa = PBXGroup;
			children = (
				6C535F70290A71B500F474B7 /* Scene */,
				6C535F6F290A71B100F474B7 /* Model */,
				6C535F6E290A71A500F474B7 /* Network */,
				6C535F71290A71C000F474B7 /* API */,
				6C535F6D290A719B00F474B7 /* Extension */,
				6C535F6C290A719600F474B7 /* Support */,
				6C535F6A290A718700F474B7 /* LifeCycle */,
				6C535F77290A804100F474B7 /* Resource */,
				6CA217B1290A5A4600346196 /* LaunchScreen.storyboard */,
				6CA217B4290A5A4600346196 /* Info.plist */,
			);
			path = BookSearcher;
			sourceTree = "<group>";
		};
/* End PBXGroup section */

/* Begin PBXNativeTarget section */
		6CA217A2290A5A4500346196 /* BookSearcher */ = {
			isa = PBXNativeTarget;
			buildConfigurationList = 6CA217B7290A5A4600346196 /* Build configuration list for PBXNativeTarget "BookSearcher" */;
			buildPhases = (
				6CA2179F290A5A4500346196 /* Sources */,
				6CA217A0290A5A4500346196 /* Frameworks */,
				6CA217A1290A5A4500346196 /* Resources */,
				6C58D8C4290A5D3200E6F7A4 /* ShellScript */,
			);
			buildRules = (
			);
			dependencies = (
			);
			name = BookSearcher;
			packageProductDependencies = (
				6CA217BB290A5B0800346196 /* RxCocoa */,
				6CA217BD290A5B0800346196 /* RxRelay */,
				6CA217BF290A5B0800346196 /* RxSwift */,
				6CA217C2290A5B1100346196 /* RxAppState */,
				6CA217C5290A5B2000346196 /* SnapKit */,
			);
			productName = BookSearcher;
			productReference = 6CA217A3290A5A4500346196 /* BookSearcher.app */;
			productType = "com.apple.product-type.application";
		};
/* End PBXNativeTarget section */

/* Begin PBXProject section */
		6CA2179B290A5A4500346196 /* Project object */ = {
			isa = PBXProject;
			attributes = {
				BuildIndependentTargetsInParallel = 1;
				LastSwiftUpdateCheck = 1400;
				LastUpgradeCheck = 1400;
				TargetAttributes = {
					6CA217A2290A5A4500346196 = {
						CreatedOnToolsVersion = 14.0.1;
					};
				};
			};
			buildConfigurationList = 6CA2179E290A5A4500346196 /* Build configuration list for PBXProject "BookSearcher" */;
			compatibilityVersion = "Xcode 14.0";
			developmentRegion = en;
			hasScannedForEncodings = 0;
			knownRegions = (
				en,
				Base,
			);
			mainGroup = 6CA2179A290A5A4500346196;
			packageReferences = (
				6CA217BA290A5B0800346196 /* XCRemoteSwiftPackageReference "RxSwift" */,
				6CA217C1290A5B1100346196 /* XCRemoteSwiftPackageReference "RxAppState" */,
				6CA217C4290A5B2000346196 /* XCRemoteSwiftPackageReference "SnapKit" */,
			);
			productRefGroup = 6CA217A4290A5A4500346196 /* Products */;
			projectDirPath = "";
			projectRoot = "";
			targets = (
				6CA217A2290A5A4500346196 /* BookSearcher */,
			);
		};
/* End PBXProject section */

/* Begin PBXResourcesBuildPhase section */
		6CA217A1290A5A4500346196 /* Resources */ = {
			isa = PBXResourcesBuildPhase;
			buildActionMask = 2147483647;
			files = (
				6C535F7C290A807800F474B7 /* SF-Pro-Display-Semibold.otf in Resources */,
				6C535F7D290A807800F474B7 /* SF-Pro-Display-Bold.otf in Resources */,
				6CA217C9290A5B5900346196 /* .swiftlint.yml in Resources */,
				6CA217B3290A5A4600346196 /* LaunchScreen.storyboard in Resources */,
				6C535F7E290A807800F474B7 /* SF-Pro-Display-Regular.otf in Resources */,
				6CA217B0290A5A4600346196 /* Assets.xcassets in Resources */,
				6C535F7F290A807800F474B7 /* SF-Pro-Display-Medium.otf in Resources */,
			);
			runOnlyForDeploymentPostprocessing = 0;
		};
/* End PBXResourcesBuildPhase section */

/* Begin PBXShellScriptBuildPhase section */
		6C58D8C4290A5D3200E6F7A4 /* ShellScript */ = {
			isa = PBXShellScriptBuildPhase;
			buildActionMask = 12;
			files = (
			);
			inputFileListPaths = (
			);
			inputPaths = (
			);
			outputFileListPaths = (
			);
			outputPaths = (
			);
			runOnlyForDeploymentPostprocessing = 0;
			shellPath = /bin/sh;
			shellScript = "export PATH=\"$PATH:/opt/homebrew/bin\"\nif which swiftlint > /dev/null; then\n  swiftlint\nelse\n  echo \"warning: SwiftLint not installed, download from https://github.com/realm/SwiftLint\"\nfi\n";
		};
/* End PBXShellScriptBuildPhase section */

/* Begin PBXSourcesBuildPhase section */
		6CA2179F290A5A4500346196 /* Sources */ = {
			isa = PBXSourcesBuildPhase;
			buildActionMask = 2147483647;
			files = (
				6C535F85290A8B9C00F474B7 /* Constraint.swift in Sources */,
				6CA217AB290A5A4500346196 /* MainViewController.swift in Sources */,
				6C535F81290A80EB00F474B7 /* UIFont + extension.swift in Sources */,
				6C535F76290A7FB800F474B7 /* UIColor + extension.swift in Sources */,
				6CA217A7290A5A4500346196 /* AppDelegate.swift in Sources */,
				6CA217A9290A5A4500346196 /* SceneDelegate.swift in Sources */,
				6C535F91290AB61F00F474B7 /* UnderLineView.swift in Sources */,
			);
			runOnlyForDeploymentPostprocessing = 0;
		};
/* End PBXSourcesBuildPhase section */

/* Begin PBXVariantGroup section */
		6CA217B1290A5A4600346196 /* LaunchScreen.storyboard */ = {
			isa = PBXVariantGroup;
			children = (
				6CA217B2290A5A4600346196 /* Base */,
			);
			name = LaunchScreen.storyboard;
			sourceTree = "<group>";
		};
/* End PBXVariantGroup section */

/* Begin XCBuildConfiguration section */
		6CA217B5290A5A4600346196 /* Debug */ = {
			isa = XCBuildConfiguration;
			buildSettings = {
				ALWAYS_SEARCH_USER_PATHS = NO;
				CLANG_ANALYZER_NONNULL = YES;
				CLANG_ANALYZER_NUMBER_OBJECT_CONVERSION = YES_AGGRESSIVE;
				CLANG_CXX_LANGUAGE_STANDARD = "gnu++20";
				CLANG_ENABLE_MODULES = YES;
				CLANG_ENABLE_OBJC_ARC = YES;
				CLANG_ENABLE_OBJC_WEAK = YES;
				CLANG_WARN_BLOCK_CAPTURE_AUTORELEASING = YES;
				CLANG_WARN_BOOL_CONVERSION = YES;
				CLANG_WARN_COMMA = YES;
				CLANG_WARN_CONSTANT_CONVERSION = YES;
				CLANG_WARN_DEPRECATED_OBJC_IMPLEMENTATIONS = YES;
				CLANG_WARN_DIRECT_OBJC_ISA_USAGE = YES_ERROR;
				CLANG_WARN_DOCUMENTATION_COMMENTS = YES;
				CLANG_WARN_EMPTY_BODY = YES;
				CLANG_WARN_ENUM_CONVERSION = YES;
				CLANG_WARN_INFINITE_RECURSION = YES;
				CLANG_WARN_INT_CONVERSION = YES;
				CLANG_WARN_NON_LITERAL_NULL_CONVERSION = YES;
				CLANG_WARN_OBJC_IMPLICIT_RETAIN_SELF = YES;
				CLANG_WARN_OBJC_LITERAL_CONVERSION = YES;
				CLANG_WARN_OBJC_ROOT_CLASS = YES_ERROR;
				CLANG_WARN_QUOTED_INCLUDE_IN_FRAMEWORK_HEADER = YES;
				CLANG_WARN_RANGE_LOOP_ANALYSIS = YES;
				CLANG_WARN_STRICT_PROTOTYPES = YES;
				CLANG_WARN_SUSPICIOUS_MOVE = YES;
				CLANG_WARN_UNGUARDED_AVAILABILITY = YES_AGGRESSIVE;
				CLANG_WARN_UNREACHABLE_CODE = YES;
				CLANG_WARN__DUPLICATE_METHOD_MATCH = YES;
				COPY_PHASE_STRIP = NO;
				DEBUG_INFORMATION_FORMAT = dwarf;
				ENABLE_STRICT_OBJC_MSGSEND = YES;
				ENABLE_TESTABILITY = YES;
				GCC_C_LANGUAGE_STANDARD = gnu11;
				GCC_DYNAMIC_NO_PIC = NO;
				GCC_NO_COMMON_BLOCKS = YES;
				GCC_OPTIMIZATION_LEVEL = 0;
				GCC_PREPROCESSOR_DEFINITIONS = (
					"DEBUG=1",
					"$(inherited)",
				);
				GCC_WARN_64_TO_32_BIT_CONVERSION = YES;
				GCC_WARN_ABOUT_RETURN_TYPE = YES_ERROR;
				GCC_WARN_UNDECLARED_SELECTOR = YES;
				GCC_WARN_UNINITIALIZED_AUTOS = YES_AGGRESSIVE;
				GCC_WARN_UNUSED_FUNCTION = YES;
				GCC_WARN_UNUSED_VARIABLE = YES;
				IPHONEOS_DEPLOYMENT_TARGET = 15.0;
				MTL_ENABLE_DEBUG_INFO = INCLUDE_SOURCE;
				MTL_FAST_MATH = YES;
				ONLY_ACTIVE_ARCH = YES;
				SDKROOT = iphoneos;
				SWIFT_ACTIVE_COMPILATION_CONDITIONS = DEBUG;
				SWIFT_OPTIMIZATION_LEVEL = "-Onone";
			};
			name = Debug;
		};
		6CA217B6290A5A4600346196 /* Release */ = {
			isa = XCBuildConfiguration;
			buildSettings = {
				ALWAYS_SEARCH_USER_PATHS = NO;
				CLANG_ANALYZER_NONNULL = YES;
				CLANG_ANALYZER_NUMBER_OBJECT_CONVERSION = YES_AGGRESSIVE;
				CLANG_CXX_LANGUAGE_STANDARD = "gnu++20";
				CLANG_ENABLE_MODULES = YES;
				CLANG_ENABLE_OBJC_ARC = YES;
				CLANG_ENABLE_OBJC_WEAK = YES;
				CLANG_WARN_BLOCK_CAPTURE_AUTORELEASING = YES;
				CLANG_WARN_BOOL_CONVERSION = YES;
				CLANG_WARN_COMMA = YES;
				CLANG_WARN_CONSTANT_CONVERSION = YES;
				CLANG_WARN_DEPRECATED_OBJC_IMPLEMENTATIONS = YES;
				CLANG_WARN_DIRECT_OBJC_ISA_USAGE = YES_ERROR;
				CLANG_WARN_DOCUMENTATION_COMMENTS = YES;
				CLANG_WARN_EMPTY_BODY = YES;
				CLANG_WARN_ENUM_CONVERSION = YES;
				CLANG_WARN_INFINITE_RECURSION = YES;
				CLANG_WARN_INT_CONVERSION = YES;
				CLANG_WARN_NON_LITERAL_NULL_CONVERSION = YES;
				CLANG_WARN_OBJC_IMPLICIT_RETAIN_SELF = YES;
				CLANG_WARN_OBJC_LITERAL_CONVERSION = YES;
				CLANG_WARN_OBJC_ROOT_CLASS = YES_ERROR;
				CLANG_WARN_QUOTED_INCLUDE_IN_FRAMEWORK_HEADER = YES;
				CLANG_WARN_RANGE_LOOP_ANALYSIS = YES;
				CLANG_WARN_STRICT_PROTOTYPES = YES;
				CLANG_WARN_SUSPICIOUS_MOVE = YES;
				CLANG_WARN_UNGUARDED_AVAILABILITY = YES_AGGRESSIVE;
				CLANG_WARN_UNREACHABLE_CODE = YES;
				CLANG_WARN__DUPLICATE_METHOD_MATCH = YES;
				COPY_PHASE_STRIP = NO;
				DEBUG_INFORMATION_FORMAT = "dwarf-with-dsym";
				ENABLE_NS_ASSERTIONS = NO;
				ENABLE_STRICT_OBJC_MSGSEND = YES;
				GCC_C_LANGUAGE_STANDARD = gnu11;
				GCC_NO_COMMON_BLOCKS = YES;
				GCC_WARN_64_TO_32_BIT_CONVERSION = YES;
				GCC_WARN_ABOUT_RETURN_TYPE = YES_ERROR;
				GCC_WARN_UNDECLARED_SELECTOR = YES;
				GCC_WARN_UNINITIALIZED_AUTOS = YES_AGGRESSIVE;
				GCC_WARN_UNUSED_FUNCTION = YES;
				GCC_WARN_UNUSED_VARIABLE = YES;
				IPHONEOS_DEPLOYMENT_TARGET = 15.0;
				MTL_ENABLE_DEBUG_INFO = NO;
				MTL_FAST_MATH = YES;
				SDKROOT = iphoneos;
				SWIFT_COMPILATION_MODE = wholemodule;
				SWIFT_OPTIMIZATION_LEVEL = "-O";
				VALIDATE_PRODUCT = YES;
			};
			name = Release;
		};
		6CA217B8290A5A4600346196 /* Debug */ = {
			isa = XCBuildConfiguration;
			buildSettings = {
				ASSETCATALOG_COMPILER_APPICON_NAME = AppIcon;
				ASSETCATALOG_COMPILER_GLOBAL_ACCENT_COLOR_NAME = AccentColor;
				CODE_SIGN_STYLE = Automatic;
				CURRENT_PROJECT_VERSION = 1;
				DEVELOPMENT_TEAM = 8ZQU3Y88G8;
				GENERATE_INFOPLIST_FILE = YES;
				INFOPLIST_FILE = BookSearcher/Info.plist;
				INFOPLIST_KEY_CFBundleDisplayName = BookSearcher;
				INFOPLIST_KEY_LSApplicationCategoryType = "public.app-category.books";
				INFOPLIST_KEY_UIApplicationSupportsIndirectInputEvents = YES;
				INFOPLIST_KEY_UILaunchStoryboardName = LaunchScreen;
				INFOPLIST_KEY_UISupportedInterfaceOrientations_iPad = "UIInterfaceOrientationPortrait UIInterfaceOrientationPortraitUpsideDown UIInterfaceOrientationLandscapeLeft UIInterfaceOrientationLandscapeRight";
				INFOPLIST_KEY_UISupportedInterfaceOrientations_iPhone = "UIInterfaceOrientationPortrait UIInterfaceOrientationLandscapeLeft UIInterfaceOrientationLandscapeRight";
				LD_RUNPATH_SEARCH_PATHS = (
					"$(inherited)",
					"@executable_path/Frameworks",
				);
				MARKETING_VERSION = 1.0;
				PRODUCT_BUNDLE_IDENTIFIER = com.BookSearcher;
				PRODUCT_NAME = "$(TARGET_NAME)";
				SWIFT_EMIT_LOC_STRINGS = YES;
				SWIFT_VERSION = 5.0;
				TARGETED_DEVICE_FAMILY = "1,2";
			};
			name = Debug;
		};
		6CA217B9290A5A4600346196 /* Release */ = {
			isa = XCBuildConfiguration;
			buildSettings = {
				ASSETCATALOG_COMPILER_APPICON_NAME = AppIcon;
				ASSETCATALOG_COMPILER_GLOBAL_ACCENT_COLOR_NAME = AccentColor;
				CODE_SIGN_STYLE = Automatic;
				CURRENT_PROJECT_VERSION = 1;
				DEVELOPMENT_TEAM = 8ZQU3Y88G8;
				GENERATE_INFOPLIST_FILE = YES;
				INFOPLIST_FILE = BookSearcher/Info.plist;
				INFOPLIST_KEY_CFBundleDisplayName = BookSearcher;
				INFOPLIST_KEY_LSApplicationCategoryType = "public.app-category.books";
				INFOPLIST_KEY_UIApplicationSupportsIndirectInputEvents = YES;
				INFOPLIST_KEY_UILaunchStoryboardName = LaunchScreen;
				INFOPLIST_KEY_UISupportedInterfaceOrientations_iPad = "UIInterfaceOrientationPortrait UIInterfaceOrientationPortraitUpsideDown UIInterfaceOrientationLandscapeLeft UIInterfaceOrientationLandscapeRight";
				INFOPLIST_KEY_UISupportedInterfaceOrientations_iPhone = "UIInterfaceOrientationPortrait UIInterfaceOrientationLandscapeLeft UIInterfaceOrientationLandscapeRight";
				LD_RUNPATH_SEARCH_PATHS = (
					"$(inherited)",
					"@executable_path/Frameworks",
				);
				MARKETING_VERSION = 1.0;
				PRODUCT_BUNDLE_IDENTIFIER = com.BookSearcher;
				PRODUCT_NAME = "$(TARGET_NAME)";
				SWIFT_EMIT_LOC_STRINGS = YES;
				SWIFT_VERSION = 5.0;
				TARGETED_DEVICE_FAMILY = "1,2";
			};
			name = Release;
		};
/* End XCBuildConfiguration section */

/* Begin XCConfigurationList section */
		6CA2179E290A5A4500346196 /* Build configuration list for PBXProject "BookSearcher" */ = {
			isa = XCConfigurationList;
			buildConfigurations = (
				6CA217B5290A5A4600346196 /* Debug */,
				6CA217B6290A5A4600346196 /* Release */,
			);
			defaultConfigurationIsVisible = 0;
			defaultConfigurationName = Release;
		};
		6CA217B7290A5A4600346196 /* Build configuration list for PBXNativeTarget "BookSearcher" */ = {
			isa = XCConfigurationList;
			buildConfigurations = (
				6CA217B8290A5A4600346196 /* Debug */,
				6CA217B9290A5A4600346196 /* Release */,
			);
			defaultConfigurationIsVisible = 0;
			defaultConfigurationName = Release;
		};
/* End XCConfigurationList section */

/* Begin XCRemoteSwiftPackageReference section */
		6CA217BA290A5B0800346196 /* XCRemoteSwiftPackageReference "RxSwift" */ = {
			isa = XCRemoteSwiftPackageReference;
			repositoryURL = "https://github.com/ReactiveX/RxSwift";
			requirement = {
				branch = main;
				kind = branch;
			};
		};
		6CA217C1290A5B1100346196 /* XCRemoteSwiftPackageReference "RxAppState" */ = {
			isa = XCRemoteSwiftPackageReference;
			repositoryURL = "https://github.com/pixeldock/RxAppState.git";
			requirement = {
				branch = master;
				kind = branch;
			};
		};
		6CA217C4290A5B2000346196 /* XCRemoteSwiftPackageReference "SnapKit" */ = {
			isa = XCRemoteSwiftPackageReference;
			repositoryURL = "https://github.com/SnapKit/SnapKit";
			requirement = {
				kind = upToNextMajorVersion;
				minimumVersion = 5.0.0;
			};
		};
/* End XCRemoteSwiftPackageReference section */

/* Begin XCSwiftPackageProductDependency section */
		6CA217BB290A5B0800346196 /* RxCocoa */ = {
			isa = XCSwiftPackageProductDependency;
			package = 6CA217BA290A5B0800346196 /* XCRemoteSwiftPackageReference "RxSwift" */;
			productName = RxCocoa;
		};
		6CA217BD290A5B0800346196 /* RxRelay */ = {
			isa = XCSwiftPackageProductDependency;
			package = 6CA217BA290A5B0800346196 /* XCRemoteSwiftPackageReference "RxSwift" */;
			productName = RxRelay;
		};
		6CA217BF290A5B0800346196 /* RxSwift */ = {
			isa = XCSwiftPackageProductDependency;
			package = 6CA217BA290A5B0800346196 /* XCRemoteSwiftPackageReference "RxSwift" */;
			productName = RxSwift;
		};
		6CA217C2290A5B1100346196 /* RxAppState */ = {
			isa = XCSwiftPackageProductDependency;
			package = 6CA217C1290A5B1100346196 /* XCRemoteSwiftPackageReference "RxAppState" */;
			productName = RxAppState;
		};
		6CA217C5290A5B2000346196 /* SnapKit */ = {
			isa = XCSwiftPackageProductDependency;
			package = 6CA217C4290A5B2000346196 /* XCRemoteSwiftPackageReference "SnapKit" */;
			productName = SnapKit;
		};
/* End XCSwiftPackageProductDependency section */
	};
	rootObject = 6CA2179B290A5A4500346196 /* Project object */;
}
